
Microsoft Visual Studio Solution File, Format Version 12.00
# Visual Studio Version 16
VisualStudioVersion = 16.0.33214.272
MinimumVisualStudioVersion = 10.0.40219.1
Project("{9A19103F-16F7-4668-BE54-9A1E7A4F7556}") = "Employee", "Employee\Employee.csproj", "{969E5D09-FA84-42A7-98E2-A368D4864D01}"
EndProject
Global
	GlobalSection(SolutionConfigurationPlatforms) = preSolution
		Debug|Any CPU = Debug|Any CPU
		Release|Any CPU = Release|Any CPU
	EndGlobalSection
	GlobalSection(ProjectConfigurationPlatforms) = postSolution
		{969E5D09-FA84-42A7-98E2-A368D4864D01}.Debug|Any CPU.ActiveCfg = Debug|Any CPU
		{969E5D09-FA84-42A7-98E2-A368D4864D01}.Debug|Any CPU.Build.0 = Debug|Any CPU
		{969E5D09-FA84-42A7-98E2-A368D4864D01}.Release|Any CPU.ActiveCfg = Release|Any CPU
		{969E5D09-FA84-42A7-98E2-A368D4864D01}.Release|Any CPU.Build.0 = Release|Any CPU
	EndGlobalSection
	GlobalSection(SolutionProperties) = preSolution
		HideSolutionNode = FALSE
	EndGlobalSection
	GlobalSection(ExtensibilityGlobals) = postSolution
		SolutionGuid = {C9DD6350-5737-4799-91C9-621B2034B0F1}
	EndGlobalSection
EndGlobal
